NeoBundleLock Gundo f443470b96364c24a775629418a6b2562ec9173e
NeoBundleLock bufexplorer.zip 08b0100f5242e1de07bce40dc6376a4996791c33
NeoBundleLock ctrlp.vim b5d3fe66a58a13d2ff8b6391f4387608496a030f
NeoBundleLock matchit.zip ced6c409c9beeb0b4142d21906606bd194411d1d
NeoBundleLock neobundle.vim 27c473e6b8c0d9aef620d4a993615a5537175e36
NeoBundleLock nerdcommenter 6549cfde45339bd4f711504196ff3e8b766ef5e6
NeoBundleLock nerdtree 3b98a7fcae8f9fff356907171f0406ff8cd28921
NeoBundleLock syntastic 7d9aec0bee91be677c38b94ff222d02aa732fe52
NeoBundleLock unite.vim 8460f6502e3961db1acb972b9b888db2b43327cf
NeoBundleLock vimproc.vim 04b45cd80f48f66daed04a1a48a7ea4e7d316086
